
Microsoft Visual Studio Solution File, Format Version 12.00
# Visual Studio 15
VisualStudioVersion = 15.0.26430.12
MinimumVisualStudioVersion = 10.0.40219.1
Project("{FAE04EC0-301F-11D3-BF4B-00C04F79EFBC}") = "INForM", "INForM\INForM.csproj", "{AAA66BB9-16F2-4024-8E51-CF47A6ED1C66}"
EndProject
Project("{FAE04EC0-301F-11D3-BF4B-00C04F79EFBC}") = "IN4MDatabase", "IN4MDatabase\IN4MDatabase.csproj", "{945A4F09-BE19-4197-9240-648A4FE387CF}"
EndProject
Global
	GlobalSection(SolutionConfigurationPlatforms) = preSolution
		Debug|Any CPU = Debug|Any CPU
		Release|Any CPU = Release|Any CPU
	EndGlobalSection
	GlobalSection(ProjectConfigurationPlatforms) = postSolution
		{AAA66BB9-16F2-4024-8E51-CF47A6ED1C66}.Debug|Any CPU.ActiveCfg = Debug|Any CPU
		{AAA66BB9-16F2-4024-8E51-CF47A6ED1C66}.Debug|Any CPU.Build.0 = Debug|Any CPU
		{AAA66BB9-16F2-4024-8E51-CF47A6ED1C66}.Release|Any CPU.ActiveCfg = Release|Any CPU
		{AAA66BB9-16F2-4024-8E51-CF47A6ED1C66}.Release|Any CPU.Build.0 = Release|Any CPU
		{945A4F09-BE19-4197-9240-648A4FE387CF}.Debug|Any CPU.ActiveCfg = Debug|Any CPU
		{945A4F09-BE19-4197-9240-648A4FE387CF}.Debug|Any CPU.Build.0 = Debug|Any CPU
		{945A4F09-BE19-4197-9240-648A4FE387CF}.Release|Any CPU.ActiveCfg = Release|Any CPU
		{945A4F09-BE19-4197-9240-648A4FE387CF}.Release|Any CPU.Build.0 = Release|Any CPU
	EndGlobalSection
	GlobalSection(SolutionProperties) = preSolution
		HideSolutionNode = FALSE
	EndGlobalSection
EndGlobal
